
Microsoft Visual Studio Solution File, Format Version 12.00
# Visual Studio Version 17
VisualStudioVersion = 17.0.31912.275
MinimumVisualStudioVersion = 10.0.40219.1
Project("{9A19103F-16F7-4668-BE54-9A1E7A4F7556}") = "ConversaoDolar", "ConversãoDolar\ConversaoDolar.csproj", "{019BCADF-A0B0-4CF9-A553-F15CF4DBC71E}"
EndProject
Global
	GlobalSection(SolutionConfigurationPlatforms) = preSolution
		Debug|Any CPU = Debug|Any CPU
		Release|Any CPU = Release|Any CPU
	EndGlobalSection
	GlobalSection(ProjectConfigurationPlatforms) = postSolution
		{019BCADF-A0B0-4CF9-A553-F15CF4DBC71E}.Debug|Any CPU.ActiveCfg = Debug|Any CPU
		{019BCADF-A0B0-4CF9-A553-F15CF4DBC71E}.Debug|Any CPU.Build.0 = Debug|Any CPU
		{019BCADF-A0B0-4CF9-A553-F15CF4DBC71E}.Release|Any CPU.ActiveCfg = Release|Any CPU
		{019BCADF-A0B0-4CF9-A553-F15CF4DBC71E}.Release|Any CPU.Build.0 = Release|Any CPU
	EndGlobalSection
	GlobalSection(SolutionProperties) = preSolution
		HideSolutionNode = FALSE
	EndGlobalSection
	GlobalSection(ExtensibilityGlobals) = postSolution
		SolutionGuid = {E82DF560-9336-4DAA-9038-147370251E9F}
	EndGlobalSection
EndGlobal
